<?xml version="1.0" encoding="utf-8"?>
<Project ToolsVersion="4.0" xmlns="http://schemas.microsoft.com/developer/msbuild/2003">
  <ItemGroup>
    <ClCompile Include="Listing.c">
      <Filter>Source files</Filter>
    </ClCompile>
    <ClCompile Include="main.c">
      <Filter>Source files</Filter>
    </ClCompile>
    <ClCompile Include="user.c">
      <Filter>Source files</Filter>
    </ClCompile>
  </ItemGroup>
  <ItemGroup>
    <ClInclude Include="Listing.h">
      <Filter>header files</Filter>
    </ClInclude>
    <ClInclude Include="main.h">
      <Filter>header files</Filter>
    </ClInclude>
    <ClInclude Include="Constants.h">
      <Filter>header files</Filter>
    </ClInclude>
    <ClInclude Include="user.h">
      <Filter>header files</Filter>
    </ClInclude>
  </ItemGroup>
  <ItemGroup>
    <Filter Include="header files">
      <UniqueIdentifier>{53d3d4e5-0a57-4f65-9607-2627a7d80d03}</UniqueIdentifier>
    </Filter>
    <Filter Include="Source files">
      <UniqueIdentifier>{a9256772-2b5f-4d02-a39a-554dec403c94}</UniqueIdentifier>
    </Filter>
    <Filter Include="Text file">
      <UniqueIdentifier>{319286a3-2b77-4ea0-ab47-7d7baf558581}</UniqueIdentifier>
    </Filter>
  </ItemGroup>
  <ItemGroup>
    <Text Include="list.txt">
      <Filter>Text file</Filter>
    </Text>
  </ItemGroup>
</Project>